
Microsoft Visual Studio Solution File, Format Version 12.00
# Visual Studio for Mac
Project("{FAE04EC0-301F-11D3-BF4B-00C04F79EFBC}") = "Assembly-CSharp", "Assembly-CSharp.csproj", "{0E9D1BF0-764E-E51B-A9D4-355DA8CBF8C5}"
EndProject
Project("{FAE04EC0-301F-11D3-BF4B-00C04F79EFBC}") = "Assembly-CSharp-firstpass", "Assembly-CSharp-firstpass.csproj", "{19C0344E-6511-AC29-933E-461908822777}"
EndProject
Project("{FAE04EC0-301F-11D3-BF4B-00C04F79EFBC}") = "Assembly-CSharp-Editor", "Assembly-CSharp-Editor.csproj", "{A6BA3B19-170D-8260-51F7-23ED74D67C53}"
EndProject
Project("{FAE04EC0-301F-11D3-BF4B-00C04F79EFBC}") = "Assembly-CSharp-Editor-firstpass", "Assembly-CSharp-Editor-firstpass.csproj", "{695DB686-73D6-8BC8-2E13-82E20EA7EAE6}"
EndProject
Global
	GlobalSection(SolutionConfigurationPlatforms) = preSolution
		Debug|Any CPU = Debug|Any CPU
		Release|Any CPU = Release|Any CPU
	EndGlobalSection
	GlobalSection(ProjectConfigurationPlatforms) = postSolution
		{0E9D1BF0-764E-E51B-A9D4-355DA8CBF8C5}.Debug|Any CPU.ActiveCfg = Debug|Any CPU
		{0E9D1BF0-764E-E51B-A9D4-355DA8CBF8C5}.Debug|Any CPU.Build.0 = Debug|Any CPU
		{0E9D1BF0-764E-E51B-A9D4-355DA8CBF8C5}.Release|Any CPU.ActiveCfg = Release|Any CPU
		{0E9D1BF0-764E-E51B-A9D4-355DA8CBF8C5}.Release|Any CPU.Build.0 = Release|Any CPU
		{19C0344E-6511-AC29-933E-461908822777}.Debug|Any CPU.ActiveCfg = Debug|Any CPU
		{19C0344E-6511-AC29-933E-461908822777}.Debug|Any CPU.Build.0 = Debug|Any CPU
		{19C0344E-6511-AC29-933E-461908822777}.Release|Any CPU.ActiveCfg = Release|Any CPU
		{19C0344E-6511-AC29-933E-461908822777}.Release|Any CPU.Build.0 = Release|Any CPU
		{A6BA3B19-170D-8260-51F7-23ED74D67C53}.Debug|Any CPU.ActiveCfg = Debug|Any CPU
		{A6BA3B19-170D-8260-51F7-23ED74D67C53}.Debug|Any CPU.Build.0 = Debug|Any CPU
		{A6BA3B19-170D-8260-51F7-23ED74D67C53}.Release|Any CPU.ActiveCfg = Release|Any CPU
		{A6BA3B19-170D-8260-51F7-23ED74D67C53}.Release|Any CPU.Build.0 = Release|Any CPU
		{695DB686-73D6-8BC8-2E13-82E20EA7EAE6}.Debug|Any CPU.ActiveCfg = Debug|Any CPU
		{695DB686-73D6-8BC8-2E13-82E20EA7EAE6}.Debug|Any CPU.Build.0 = Debug|Any CPU
		{695DB686-73D6-8BC8-2E13-82E20EA7EAE6}.Release|Any CPU.ActiveCfg = Release|Any CPU
		{695DB686-73D6-8BC8-2E13-82E20EA7EAE6}.Release|Any CPU.Build.0 = Release|Any CPU
	EndGlobalSection
	GlobalSection(SolutionProperties) = preSolution
		HideSolutionNode = FALSE
	EndGlobalSection
EndGlobal
